
Microsoft Visual Studio Solution File, Format Version 10.00
# Visual Studio 2008
Project("{FAE04EC0-301F-11D3-BF4B-00C04F79EFBC}") = "ITS_CRM", "ITS_CRM\ITS_CRM.csproj", "{D27DCC92-1FC1-4E18-B637-3FC090498C0B}"
EndProject
Global
	GlobalSection(SolutionConfigurationPlatforms) = preSolution
		Debug|Any CPU = Debug|Any CPU
		Release|Any CPU = Release|Any CPU
	EndGlobalSection
	GlobalSection(ProjectConfigurationPlatforms) = postSolution
		{D27DCC92-1FC1-4E18-B637-3FC090498C0B}.Debug|Any CPU.ActiveCfg = Debug|Any CPU
		{D27DCC92-1FC1-4E18-B637-3FC090498C0B}.Debug|Any CPU.Build.0 = Debug|Any CPU
		{D27DCC92-1FC1-4E18-B637-3FC090498C0B}.Release|Any CPU.ActiveCfg = Release|Any CPU
		{D27DCC92-1FC1-4E18-B637-3FC090498C0B}.Release|Any CPU.Build.0 = Release|Any CPU
	EndGlobalSection
	GlobalSection(SolutionProperties) = preSolution
		HideSolutionNode = FALSE
	EndGlobalSection
EndGlobal
